
Microsoft Visual Studio Solution File, Format Version 12.00
# Visual Studio Version 17
VisualStudioVersion = 17.12.35527.113 d17.12
MinimumVisualStudioVersion = 10.0.40219.1
Project("{F2A71F9B-5D33-465A-A702-920D77279786}") = "Dictionary", "Dictionary\Dictionary.fsproj", "{2BA80F89-69B6-4188-9D1F-84E0D51BFEF1}"
EndProject
Global
	GlobalSection(SolutionConfigurationPlatforms) = preSolution
		Debug|Any CPU = Debug|Any CPU
		Release|Any CPU = Release|Any CPU
	EndGlobalSection
	GlobalSection(ProjectConfigurationPlatforms) = postSolution
		{2BA80F89-69B6-4188-9D1F-84E0D51BFEF1}.Debug|Any CPU.ActiveCfg = Debug|Any CPU
		{2BA80F89-69B6-4188-9D1F-84E0D51BFEF1}.Debug|Any CPU.Build.0 = Debug|Any CPU
		{2BA80F89-69B6-4188-9D1F-84E0D51BFEF1}.Release|Any CPU.ActiveCfg = Release|Any CPU
		{2BA80F89-69B6-4188-9D1F-84E0D51BFEF1}.Release|Any CPU.Build.0 = Release|Any CPU
	EndGlobalSection
	GlobalSection(SolutionProperties) = preSolution
		HideSolutionNode = FALSE
	EndGlobalSection
EndGlobal
